
Microsoft Visual Studio Solution File, Format Version 12.00
# Visual Studio Version 17
VisualStudioVersion = 17.10.35013.160
MinimumVisualStudioVersion = 10.0.40219.1
Project("{FAE04EC0-301F-11D3-BF4B-00C04F79EFBC}") = "CMVideo", "CMVideo\CMVideo.csproj", "{FB279E48-F30E-4F78-B71C-38344B248654}"
EndProject
Global
	GlobalSection(SolutionConfigurationPlatforms) = preSolution
		Debug|Any CPU = Debug|Any CPU
		Release|Any CPU = Release|Any CPU
	EndGlobalSection
	GlobalSection(ProjectConfigurationPlatforms) = postSolution
		{FB279E48-F30E-4F78-B71C-38344B248654}.Debug|Any CPU.ActiveCfg = Debug|Any CPU
		{FB279E48-F30E-4F78-B71C-38344B248654}.Debug|Any CPU.Build.0 = Debug|Any CPU
		{FB279E48-F30E-4F78-B71C-38344B248654}.Release|Any CPU.ActiveCfg = Release|Any CPU
		{FB279E48-F30E-4F78-B71C-38344B248654}.Release|Any CPU.Build.0 = Release|Any CPU
	EndGlobalSection
	GlobalSection(SolutionProperties) = preSolution
		HideSolutionNode = FALSE
	EndGlobalSection
	GlobalSection(ExtensibilityGlobals) = postSolution
		SolutionGuid = {5EF8C56D-B52A-4890-8A30-0E94B8F34D1C}
	EndGlobalSection
EndGlobal
